
Microsoft Visual Studio Solution File, Format Version 12.00
# Visual Studio Version 16
VisualStudioVersion = 16.0.30011.22
MinimumVisualStudioVersion = 10.0.40219.1
Project("{FAE04EC0-301F-11D3-BF4B-00C04F79EFBC}") = "HWStats", "HWStats.csproj", "{D1943ACF-6CD0-4465-A73B-5EF466C873CA}"
EndProject
Global
	GlobalSection(SolutionConfigurationPlatforms) = preSolution
		Debug|Any CPU = Debug|Any CPU
		Release|Any CPU = Release|Any CPU
	EndGlobalSection
	GlobalSection(ProjectConfigurationPlatforms) = postSolution
		{D1943ACF-6CD0-4465-A73B-5EF466C873CA}.Debug|Any CPU.ActiveCfg = Debug|Any CPU
		{D1943ACF-6CD0-4465-A73B-5EF466C873CA}.Debug|Any CPU.Build.0 = Debug|Any CPU
		{D1943ACF-6CD0-4465-A73B-5EF466C873CA}.Release|Any CPU.ActiveCfg = Release|Any CPU
		{D1943ACF-6CD0-4465-A73B-5EF466C873CA}.Release|Any CPU.Build.0 = Release|Any CPU
	EndGlobalSection
	GlobalSection(SolutionProperties) = preSolution
		HideSolutionNode = FALSE
	EndGlobalSection
	GlobalSection(ExtensibilityGlobals) = postSolution
		SolutionGuid = {31AF780F-1FEA-4A40-A037-1E555CAAC66C}
	EndGlobalSection
EndGlobal
